// !$*UTF8*$!
{
	archiveVersion = 1;
	classes = {
	};
	objectVersion = 46;
	objects = {

/* Begin PBXBuildFile section */
		810BCF531F21ABDB00FDE8F5 /* ModeButton.swift in Sources */ = {isa = PBXBuildFile; fileRef = 810BCF521F21ABDB00FDE8F5 /* ModeButton.swift */; };
		810BCF551F21B14E00FDE8F5 /* Modes.swift in Sources */ = {isa = PBXBuildFile; fileRef = 810BCF541F21B14E00FDE8F5 /* Modes.swift */; };
		811549981EFB77AE00E8DFD9 /* AppDelegate.swift in Sources */ = {isa = PBXBuildFile; fileRef = 811549971EFB77AE00E8DFD9 /* AppDelegate.swift */; };
		8115499A1EFB77AE00E8DFD9 /* GameScene.sks in Resources */ = {isa = PBXBuildFile; fileRef = 811549991EFB77AE00E8DFD9 /* GameScene.sks */; };
		8115499C1EFB77AE00E8DFD9 /* Actions.sks in Resources */ = {isa = PBXBuildFile; fileRef = 8115499B1EFB77AE00E8DFD9 /* Actions.sks */; };
		811549A01EFB77AE00E8DFD9 /* GameViewController.swift in Sources */ = {isa = PBXBuildFile; fileRef = 8115499F1EFB77AE00E8DFD9 /* GameViewController.swift */; };
		811549A31EFB77AE00E8DFD9 /* Main.storyboard in Resources */ = {isa = PBXBuildFile; fileRef = 811549A11EFB77AE00E8DFD9 /* Main.storyboard */; };
		811549A51EFB77AE00E8DFD9 /* Assets.xcassets in Resources */ = {isa = PBXBuildFile; fileRef = 811549A41EFB77AE00E8DFD9 /* Assets.xcassets */; };
		811549A81EFB77AE00E8DFD9 /* LaunchScreen.storyboard in Resources */ = {isa = PBXBuildFile; fileRef = 811549A61EFB77AE00E8DFD9 /* LaunchScreen.storyboard */; };
		811549B11EFB791E00E8DFD9 /* Gameboard.sks in Resources */ = {isa = PBXBuildFile; fileRef = 811549B01EFB791E00E8DFD9 /* Gameboard.sks */; };
		812D902E1F01B371001B7053 /* Oscar.swift in Sources */ = {isa = PBXBuildFile; fileRef = 812D902D1F01B371001B7053 /* Oscar.swift */; };
		812D90301F02F589001B7053 /* Gameboard.swift in Sources */ = {isa = PBXBuildFile; fileRef = 812D902F1F02F589001B7053 /* Gameboard.swift */; };
		812D90321F02F5FC001B7053 /* StartButton.swift in Sources */ = {isa = PBXBuildFile; fileRef = 812D90311F02F5FC001B7053 /* StartButton.swift */; };
		8169661A1EFD8AB70059EF19 /* LetterSprite.swift in Sources */ = {isa = PBXBuildFile; fileRef = 816966191EFD8AB70059EF19 /* LetterSprite.swift */; };
		8169661C1EFD8F030059EF19 /* ButtonNode.swift in Sources */ = {isa = PBXBuildFile; fileRef = 8169661B1EFD8F030059EF19 /* ButtonNode.swift */; };
		8169661E1EFD8FC30059EF19 /* NextLetterButton.swift in Sources */ = {isa = PBXBuildFile; fileRef = 8169661D1EFD8FC30059EF19 /* NextLetterButton.swift */; };
		816966201EFDB38A0059EF19 /* letters.atlas in Resources */ = {isa = PBXBuildFile; fileRef = 8169661F1EFDB38A0059EF19 /* letters.atlas */; };
		81BAF83E1F141D6B0001E6EF /* StarParticles.sks in Resources */ = {isa = PBXBuildFile; fileRef = 81BAF83D1F141D6B0001E6EF /* StarParticles.sks */; };
		81BE96551F05A63F008A9638 /* Actual.swift in Sources */ = {isa = PBXBuildFile; fileRef = 81BE96541F05A63F008A9638 /* Actual.swift */; };
		81E19B681F23ACD0002F70E5 /* GameManager.swift in Sources */ = {isa = PBXBuildFile; fileRef = 81E19B671F23ACD0002F70E5 /* GameManager.swift */; };
		81E19B6C1F23B0EC002F70E5 /* Themes.swift in Sources */ = {isa = PBXBuildFile; fileRef = 81E19B6B1F23B0EC002F70E5 /* Themes.swift */; };
		81E19B711F256AA4002F70E5 /* animals-pictures.atlas in Resources */ = {isa = PBXBuildFile; fileRef = 81E19B6F1F256AA4002F70E5 /* animals-pictures.atlas */; };
		81E19B721F256AA4002F70E5 /* animals-words.atlas in Resources */ = {isa = PBXBuildFile; fileRef = 81E19B701F256AA4002F70E5 /* animals-words.atlas */; };
		81E19B741F26554F002F70E5 /* MainMenu.sks in Resources */ = {isa = PBXBuildFile; fileRef = 81E19B731F26554F002F70E5 /* MainMenu.sks */; };
		81E19B761F26558B002F70E5 /* MainMenu.swift in Sources */ = {isa = PBXBuildFile; fileRef = 81E19B751F26558B002F70E5 /* MainMenu.swift */; };
		81E19B781F269AA7002F70E5 /* MMPlayButton.swift in Sources */ = {isa = PBXBuildFile; fileRef = 81E19B771F269AA7002F70E5 /* MMPlayButton.swift */; };
		81E19B7A1F269AB5002F70E5 /* MMSettingsButton.swift in Sources */ = {isa = PBXBuildFile; fileRef = 81E19B791F269AB5002F70E5 /* MMSettingsButton.swift */; };
		81E3402C1F098EB100BAAF72 /* DoorAction.swift in Sources */ = {isa = PBXBuildFile; fileRef = 81E3402B1F098EB100BAAF72 /* DoorAction.swift */; };
		81EBC1B41F0178B4003DEC56 /* PictureBox.sks in Resources */ = {isa = PBXBuildFile; fileRef = 81EBC1B31F0178B3003DEC56 /* PictureBox.sks */; };
		81EBC1B81F019502003DEC56 /* PictureBox.swift in Sources */ = {isa = PBXBuildFile; fileRef = 81EBC1B71F019502003DEC56 /* PictureBox.swift */; };
		81EBC1BA1F0197F5003DEC56 /* DoorButton.swift in Sources */ = {isa = PBXBuildFile; fileRef = 81EBC1B91F0197F5003DEC56 /* DoorButton.swift */; };
		81EDE7591F2001C200C8D140 /* Settings.sks in Resources */ = {isa = PBXBuildFile; fileRef = 81EDE7581F2001C200C8D140 /* Settings.sks */; };
		81EDE75B1F20055F00C8D140 /* SettingsButton.swift in Sources */ = {isa = PBXBuildFile; fileRef = 81EDE75A1F20055F00C8D140 /* SettingsButton.swift */; };
		81EDE75D1F20147700C8D140 /* BackButton.swift in Sources */ = {isa = PBXBuildFile; fileRef = 81EDE75C1F20147700C8D140 /* BackButton.swift */; };
		81EDE75F1F20413B00C8D140 /* Settings.swift in Sources */ = {isa = PBXBuildFile; fileRef = 81EDE75E1F20413B00C8D140 /* Settings.swift */; };
		81EDE7611F204A0C00C8D140 /* SettingsVC.swift in Sources */ = {isa = PBXBuildFile; fileRef = 81EDE7601F204A0C00C8D140 /* SettingsVC.swift */; };
		81F1667C1F0C3369007A65FC /* coins.atlas in Resources */ = {isa = PBXBuildFile; fileRef = 81F1667B1F0C3369007A65FC /* coins.atlas */; };
		81F1667E1F0D5FCA007A65FC /* TreasureZone.sks in Resources */ = {isa = PBXBuildFile; fileRef = 81F1667D1F0D5FCA007A65FC /* TreasureZone.sks */; };
		81F166801F0D5FFC007A65FC /* TreasureZone.swift in Sources */ = {isa = PBXBuildFile; fileRef = 81F1667F1F0D5FFC007A65FC /* TreasureZone.swift */; };
		81F166831F0D60D5007A65FC /* SpriteKit.framework in Frameworks */ = {isa = PBXBuildFile; fileRef = 81F166821F0D60D5007A65FC /* SpriteKit.framework */; };
/* End PBXBuildFile section */

/* Begin PBXCopyFilesBuildPhase section */
		81CD56BA1F0AA4B600FA4444 /* Embed Frameworks */ = {
			isa = PBXCopyFilesBuildPhase;
			buildActionMask = 2147483647;
			dstPath = "";
			dstSubfolderSpec = 10;
			files = (
			);
			name = "Embed Frameworks";
			runOnlyForDeploymentPostprocessing = 0;
		};
/* End PBXCopyFilesBuildPhase section */

/* Begin PBXFileReference section */
		810BCF521F21ABDB00FDE8F5 /* ModeButton.swift */ = {isa = PBXFileReference; fileEncoding = 4; lastKnownFileType = sourcecode.swift; path = ModeButton.swift; sourceTree = "<group>"; };
		810BCF541F21B14E00FDE8F5 /* Modes.swift */ = {isa = PBXFileReference; fileEncoding = 4; lastKnownFileType = sourcecode.swift; path = Modes.swift; sourceTree = "<group>"; };
		811549941EFB77AE00E8DFD9 /* CaribooInitialTest.app */ = {isa = PBXFileReference; explicitFileType = wrapper.application; includeInIndex = 0; path = CaribooInitialTest.app; sourceTree = BUILT_PRODUCTS_DIR; };
		811549971EFB77AE00E8DFD9 /* AppDelegate.swift */ = {isa = PBXFileReference; lastKnownFileType = sourcecode.swift; path = AppDelegate.swift; sourceTree = "<group>"; };
		811549991EFB77AE00E8DFD9 /* GameScene.sks */ = {isa = PBXFileReference; lastKnownFileType = file.sks; path = GameScene.sks; sourceTree = "<group>"; };
		8115499B1EFB77AE00E8DFD9 /* Actions.sks */ = {isa = PBXFileReference; lastKnownFileType = file.sks; path = Actions.sks; sourceTree = "<group>"; };
		8115499F1EFB77AE00E8DFD9 /* GameViewController.swift */ = {isa = PBXFileReference; lastKnownFileType = sourcecode.swift; path = GameViewController.swift; sourceTree = "<group>"; };
		811549A21EFB77AE00E8DFD9 /* Base */ = {isa = PBXFileReference; lastKnownFileType = file.storyboard; name = Base; path = Base.lproj/Main.storyboard; sourceTree = "<group>"; };
		811549A41EFB77AE00E8DFD9 /* Assets.xcassets */ = {isa = PBXFileReference; lastKnownFileType = folder.assetcatalog; path = Assets.xcassets; sourceTree = "<group>"; };
		811549A71EFB77AE00E8DFD9 /* Base */ = {isa = PBXFileReference; lastKnownFileType = file.storyboard; name = Base; path = Base.lproj/LaunchScreen.storyboard; sourceTree = "<group>"; };
		811549A91EFB77AE00E8DFD9 /* Info.plist */ = {isa = PBXFileReference; lastKnownFileType = text.plist.xml; path = Info.plist; sourceTree = "<group>"; };
		811549B01EFB791E00E8DFD9 /* Gameboard.sks */ = {isa = PBXFileReference; lastKnownFileType = file.sks; path = Gameboard.sks; sourceTree = "<group>"; };
		812D902D1F01B371001B7053 /* Oscar.swift */ = {isa = PBXFileReference; fileEncoding = 4; lastKnownFileType = sourcecode.swift; path = Oscar.swift; sourceTree = "<group>"; };
		812D902F1F02F589001B7053 /* Gameboard.swift */ = {isa = PBXFileReference; fileEncoding = 4; lastKnownFileType = sourcecode.swift; path = Gameboard.swift; sourceTree = "<group>"; };
		812D90311F02F5FC001B7053 /* StartButton.swift */ = {isa = PBXFileReference; fileEncoding = 4; lastKnownFileType = sourcecode.swift; path = StartButton.swift; sourceTree = "<group>"; };
		816966191EFD8AB70059EF19 /* LetterSprite.swift */ = {isa = PBXFileReference; fileEncoding = 4; lastKnownFileType = sourcecode.swift; path = LetterSprite.swift; sourceTree = "<group>"; };
		8169661B1EFD8F030059EF19 /* ButtonNode.swift */ = {isa = PBXFileReference; fileEncoding = 4; lastKnownFileType = sourcecode.swift; path = ButtonNode.swift; sourceTree = "<group>"; };
		8169661D1EFD8FC30059EF19 /* NextLetterButton.swift */ = {isa = PBXFileReference; fileEncoding = 4; lastKnownFileType = sourcecode.swift; path = NextLetterButton.swift; sourceTree = "<group>"; };
		8169661F1EFDB38A0059EF19 /* letters.atlas */ = {isa = PBXFileReference; lastKnownFileType = folder.skatlas; name = letters.atlas; path = ../letters.atlas; sourceTree = "<group>"; };
		81BAF83D1F141D6B0001E6EF /* StarParticles.sks */ = {isa = PBXFileReference; lastKnownFileType = file.sks; path = StarParticles.sks; sourceTree = "<group>"; };
		81BE96541F05A63F008A9638 /* Actual.swift */ = {isa = PBXFileReference; fileEncoding = 4; lastKnownFileType = sourcecode.swift; path = Actual.swift; sourceTree = "<group>"; };
		81E19B671F23ACD0002F70E5 /* GameManager.swift */ = {isa = PBXFileReference; fileEncoding = 4; lastKnownFileType = sourcecode.swift; path = GameManager.swift; sourceTree = "<group>"; };
		81E19B6B1F23B0EC002F70E5 /* Themes.swift */ = {isa = PBXFileReference; fileEncoding = 4; lastKnownFileType = sourcecode.swift; path = Themes.swift; sourceTree = "<group>"; };
		81E19B6F1F256AA4002F70E5 /* animals-pictures.atlas */ = {isa = PBXFileReference; lastKnownFileType = folder.skatlas; path = "animals-pictures.atlas"; sourceTree = "<group>"; };
		81E19B701F256AA4002F70E5 /* animals-words.atlas */ = {isa = PBXFileReference; lastKnownFileType = folder.skatlas; path = "animals-words.atlas"; sourceTree = "<group>"; };
		81E19B731F26554F002F70E5 /* MainMenu.sks */ = {isa = PBXFileReference; lastKnownFileType = file.sks; path = MainMenu.sks; sourceTree = "<group>"; };
		81E19B751F26558B002F70E5 /* MainMenu.swift */ = {isa = PBXFileReference; fileEncoding = 4; lastKnownFileType = sourcecode.swift; path = MainMenu.swift; sourceTree = "<group>"; };
		81E19B771F269AA7002F70E5 /* MMPlayButton.swift */ = {isa = PBXFileReference; fileEncoding = 4; lastKnownFileType = sourcecode.swift; path = MMPlayButton.swift; sourceTree = "<group>"; };
		81E19B791F269AB5002F70E5 /* MMSettingsButton.swift */ = {isa = PBXFileReference; fileEncoding = 4; lastKnownFileType = sourcecode.swift; path = MMSettingsButton.swift; sourceTree = "<group>"; };
		81E19B7B1F26A04F002F70E5 /* MyPlayground.playground */ = {isa = PBXFileReference; lastKnownFileType = file.playground; path = MyPlayground.playground; sourceTree = "<group>"; };
		81E3402B1F098EB100BAAF72 /* DoorAction.swift */ = {isa = PBXFileReference; fileEncoding = 4; lastKnownFileType = sourcecode.swift; name = DoorAction.swift; path = ../DoorAction.swift; sourceTree = "<group>"; };
		81EBC1B31F0178B3003DEC56 /* PictureBox.sks */ = {isa = PBXFileReference; lastKnownFileType = file.sks; path = PictureBox.sks; sourceTree = "<group>"; };
		81EBC1B71F019502003DEC56 /* PictureBox.swift */ = {isa = PBXFileReference; fileEncoding = 4; lastKnownFileType = sourcecode.swift; path = PictureBox.swift; sourceTree = "<group>"; };
		81EBC1B91F0197F5003DEC56 /* DoorButton.swift */ = {isa = PBXFileReference; fileEncoding = 4; lastKnownFileType = sourcecode.swift; path = DoorButton.swift; sourceTree = "<group>"; };
		81EDE7581F2001C200C8D140 /* Settings.sks */ = {isa = PBXFileReference; lastKnownFileType = file.sks; path = Settings.sks; sourceTree = "<group>"; };
		81EDE75A1F20055F00C8D140 /* SettingsButton.swift */ = {isa = PBXFileReference; fileEncoding = 4; lastKnownFileType = sourcecode.swift; path = SettingsButton.swift; sourceTree = "<group>"; };
		81EDE75C1F20147700C8D140 /* BackButton.swift */ = {isa = PBXFileReference; fileEncoding = 4; lastKnownFileType = sourcecode.swift; path = BackButton.swift; sourceTree = "<group>"; };
		81EDE75E1F20413B00C8D140 /* Settings.swift */ = {isa = PBXFileReference; fileEncoding = 4; lastKnownFileType = sourcecode.swift; path = Settings.swift; sourceTree = "<group>"; };
		81EDE7601F204A0C00C8D140 /* SettingsVC.swift */ = {isa = PBXFileReference; fileEncoding = 4; lastKnownFileType = sourcecode.swift; path = SettingsVC.swift; sourceTree = "<group>"; };
		81F1667B1F0C3369007A65FC /* coins.atlas */ = {isa = PBXFileReference; lastKnownFileType = folder.skatlas; path = coins.atlas; sourceTree = "<group>"; };
		81F1667D1F0D5FCA007A65FC /* TreasureZone.sks */ = {isa = PBXFileReference; lastKnownFileType = file.sks; path = TreasureZone.sks; sourceTree = "<group>"; };
		81F1667F1F0D5FFC007A65FC /* TreasureZone.swift */ = {isa = PBXFileReference; fileEncoding = 4; lastKnownFileType = sourcecode.swift; path = TreasureZone.swift; sourceTree = "<group>"; };
		81F166821F0D60D5007A65FC /* SpriteKit.framework */ = {isa = PBXFileReference; lastKnownFileType = wrapper.framework; name = SpriteKit.framework; path = System/Library/Frameworks/SpriteKit.framework; sourceTree = SDKROOT; };
/* End PBXFileReference section */

/* Begin PBXFrameworksBuildPhase section */
		811549911EFB77AE00E8DFD9 /* Frameworks */ = {
			isa = PBXFrameworksBuildPhase;
			buildActionMask = 2147483647;
			files = (
				81F166831F0D60D5007A65FC /* SpriteKit.framework in Frameworks */,
			);
			runOnlyForDeploymentPostprocessing = 0;
		};
/* End PBXFrameworksBuildPhase section */

/* Begin PBXGroup section */
		8115498B1EFB77AE00E8DFD9 = {
			isa = PBXGroup;
			children = (
				811549961EFB77AE00E8DFD9 /* CaribooInitialTest */,
				811549951EFB77AE00E8DFD9 /* Products */,
				81BE96561F05A7DD008A9638 /* -- OLD */,
				81F166811F0D60D5007A65FC /* Frameworks */,
			);
			sourceTree = "<group>";
		};
		811549951EFB77AE00E8DFD9 /* Products */ = {
			isa = PBXGroup;
			children = (
				811549941EFB77AE00E8DFD9 /* CaribooInitialTest.app */,
			);
			name = Products;
			sourceTree = "<group>";
		};
		811549961EFB77AE00E8DFD9 /* CaribooInitialTest */ = {
			isa = PBXGroup;
			children = (
				8115499F1EFB77AE00E8DFD9 /* GameViewController.swift */,
				81EDE7601F204A0C00C8D140 /* SettingsVC.swift */,
				81EBC1B51F018BE3003DEC56 /* SKS */,
				81EBC1B61F018BFB003DEC56 /* Implementation */,
				81BE96591F05A91D008A9638 /* Images */,
				811549AF1EFB77E600E8DFD9 /* misc */,
			);
			path = CaribooInitialTest;
			sourceTree = "<group>";
		};
		811549AF1EFB77E600E8DFD9 /* misc */ = {
			isa = PBXGroup;
			children = (
				811549971EFB77AE00E8DFD9 /* AppDelegate.swift */,
				811549991EFB77AE00E8DFD9 /* GameScene.sks */,
				8115499B1EFB77AE00E8DFD9 /* Actions.sks */,
				811549A11EFB77AE00E8DFD9 /* Main.storyboard */,
				811549A61EFB77AE00E8DFD9 /* LaunchScreen.storyboard */,
				811549A91EFB77AE00E8DFD9 /* Info.plist */,
			);
			name = misc;
			sourceTree = "<group>";
		};
		817D72E81F0D781300C4AE66 /* Buttons */ = {
			isa = PBXGroup;
			children = (
				81E19B771F269AA7002F70E5 /* MMPlayButton.swift */,
				81E19B791F269AB5002F70E5 /* MMSettingsButton.swift */,
				812D90311F02F5FC001B7053 /* StartButton.swift */,
				81EDE75A1F20055F00C8D140 /* SettingsButton.swift */,
				81EDE75C1F20147700C8D140 /* BackButton.swift */,
				810BCF521F21ABDB00FDE8F5 /* ModeButton.swift */,
				8169661B1EFD8F030059EF19 /* ButtonNode.swift */,
				81E19B7B1F26A04F002F70E5 /* MyPlayground.playground */,
			);
			name = Buttons;
			sourceTree = "<group>";
		};
		81BE96561F05A7DD008A9638 /* -- OLD */ = {
			isa = PBXGroup;
			children = (
				8169661F1EFDB38A0059EF19 /* letters.atlas */,
				816966191EFD8AB70059EF19 /* LetterSprite.swift */,
				8169661D1EFD8FC30059EF19 /* NextLetterButton.swift */,
			);
			name = "-- OLD";
			path = CaribooInitialTest;
			sourceTree = "<group>";
		};
		81BE96571F05A817008A9638 /* Doors */ = {
			isa = PBXGroup;
			children = (
				81E3402B1F098EB100BAAF72 /* DoorAction.swift */,
				81EBC1B91F0197F5003DEC56 /* DoorButton.swift */,
			);
			name = Doors;
			sourceTree = "<group>";
		};
		81BE96581F05A83B008A9638 /* Scenes */ = {
			isa = PBXGroup;
			children = (
				81E19B751F26558B002F70E5 /* MainMenu.swift */,
				812D902F1F02F589001B7053 /* Gameboard.swift */,
				81EBC1B71F019502003DEC56 /* PictureBox.swift */,
				81F1667F1F0D5FFC007A65FC /* TreasureZone.swift */,
				81EDE75E1F20413B00C8D140 /* Settings.swift */,
			);
			name = Scenes;
			sourceTree = "<group>";
		};
		81BE96591F05A91D008A9638 /* Images */ = {
			isa = PBXGroup;
			children = (
				811549A41EFB77AE00E8DFD9 /* Assets.xcassets */,
				81E19B6F1F256AA4002F70E5 /* animals-pictures.atlas */,
				81E19B701F256AA4002F70E5 /* animals-words.atlas */,
				81F1667B1F0C3369007A65FC /* coins.atlas */,
			);
			name = Images;
			sourceTree = "<group>";
		};
		81EBC1B51F018BE3003DEC56 /* SKS */ = {
			isa = PBXGroup;
			children = (
				81E19B731F26554F002F70E5 /* MainMenu.sks */,
				811549B01EFB791E00E8DFD9 /* Gameboard.sks */,
				81EBC1B31F0178B3003DEC56 /* PictureBox.sks */,
				81F1667D1F0D5FCA007A65FC /* TreasureZone.sks */,
				81BAF83D1F141D6B0001E6EF /* StarParticles.sks */,
				81EDE7581F2001C200C8D140 /* Settings.sks */,
			);
			name = SKS;
			sourceTree = "<group>";
		};
		81EBC1B61F018BFB003DEC56 /* Implementation */ = {
			isa = PBXGroup;
			children = (
				81BE96581F05A83B008A9638 /* Scenes */,
				81BE96571F05A817008A9638 /* Doors */,
				817D72E81F0D781300C4AE66 /* Buttons */,
				812D902D1F01B371001B7053 /* Oscar.swift */,
				810BCF541F21B14E00FDE8F5 /* Modes.swift */,
				81BE96541F05A63F008A9638 /* Actual.swift */,
				81E19B671F23ACD0002F70E5 /* GameManager.swift */,
				81E19B6B1F23B0EC002F70E5 /* Themes.swift */,
			);
			name = Implementation;
			sourceTree = "<group>";
		};
		81F166811F0D60D5007A65FC /* Frameworks */ = {
			isa = PBXGroup;
			children = (
				81F166821F0D60D5007A65FC /* SpriteKit.framework */,
			);
			name = Frameworks;
			sourceTree = "<group>";
		};
/* End PBXGroup section */

/* Begin PBXNativeTarget section */
		811549931EFB77AE00E8DFD9 /* CaribooInitialTest */ = {
			isa = PBXNativeTarget;
			buildConfigurationList = 811549AC1EFB77AE00E8DFD9 /* Build configuration list for PBXNativeTarget "CaribooInitialTest" */;
			buildPhases = (
				811549901EFB77AE00E8DFD9 /* Sources */,
				811549911EFB77AE00E8DFD9 /* Frameworks */,
				811549921EFB77AE00E8DFD9 /* Resources */,
				81CD56BA1F0AA4B600FA4444 /* Embed Frameworks */,
			);
			buildRules = (
			);
			dependencies = (
			);
			name = CaribooInitialTest;
			productName = CaribooInitialTest;
			productReference = 811549941EFB77AE00E8DFD9 /* CaribooInitialTest.app */;
			productType = "com.apple.product-type.application";
		};
/* End PBXNativeTarget section */

/* Begin PBXProject section */
		8115498C1EFB77AE00E8DFD9 /* Project object */ = {
			isa = PBXProject;
			attributes = {
				LastSwiftUpdateCheck = 0830;
				LastUpgradeCheck = 0830;
				ORGANIZATIONNAME = "Aaron Justman";
				TargetAttributes = {
					811549931EFB77AE00E8DFD9 = {
						CreatedOnToolsVersion = 8.3.3;
						DevelopmentTeam = 2YD6LF9T3B;
						ProvisioningStyle = Automatic;
					};
				};
			};
			buildConfigurationList = 8115498F1EFB77AE00E8DFD9 /* Build configuration list for PBXProject "CaribooInitialTest" */;
			compatibilityVersion = "Xcode 3.2";
			developmentRegion = English;
			hasScannedForEncodings = 0;
			knownRegions = (
				en,
				Base,
			);
			mainGroup = 8115498B1EFB77AE00E8DFD9;
			productRefGroup = 811549951EFB77AE00E8DFD9 /* Products */;
			projectDirPath = "";
			projectRoot = "";
			targets = (
				811549931EFB77AE00E8DFD9 /* CaribooInitialTest */,
			);
		};
/* End PBXProject section */

/* Begin PBXResourcesBuildPhase section */
		811549921EFB77AE00E8DFD9 /* Resources */ = {
			isa = PBXResourcesBuildPhase;
			buildActionMask = 2147483647;
			files = (
				81EDE7591F2001C200C8D140 /* Settings.sks in Resources */,
				811549A31EFB77AE00E8DFD9 /* Main.storyboard in Resources */,
				81EBC1B41F0178B4003DEC56 /* PictureBox.sks in Resources */,
				8115499A1EFB77AE00E8DFD9 /* GameScene.sks in Resources */,
				81F1667E1F0D5FCA007A65FC /* TreasureZone.sks in Resources */,
				81E19B721F256AA4002F70E5 /* animals-words.atlas in Resources */,
				811549A51EFB77AE00E8DFD9 /* Assets.xcassets in Resources */,
				816966201EFDB38A0059EF19 /* letters.atlas in Resources */,
				811549A81EFB77AE00E8DFD9 /* LaunchScreen.storyboard in Resources */,
				81E19B711F256AA4002F70E5 /* animals-pictures.atlas in Resources */,
				811549B11EFB791E00E8DFD9 /* Gameboard.sks in Resources */,
				81BAF83E1F141D6B0001E6EF /* StarParticles.sks in Resources */,
				81F1667C1F0C3369007A65FC /* coins.atlas in Resources */,
				81E19B741F26554F002F70E5 /* MainMenu.sks in Resources */,
				8115499C1EFB77AE00E8DFD9 /* Actions.sks in Resources */,
			);
			runOnlyForDeploymentPostprocessing = 0;
		};
/* End PBXResourcesBuildPhase section */

/* Begin PBXSourcesBuildPhase section */
		811549901EFB77AE00E8DFD9 /* Sources */ = {
			isa = PBXSourcesBuildPhase;
			buildActionMask = 2147483647;
			files = (
				81EDE7611F204A0C00C8D140 /* SettingsVC.swift in Sources */,
				81EBC1BA1F0197F5003DEC56 /* DoorButton.swift in Sources */,
				81BE96551F05A63F008A9638 /* Actual.swift in Sources */,
				8169661A1EFD8AB70059EF19 /* LetterSprite.swift in Sources */,
				812D90321F02F5FC001B7053 /* StartButton.swift in Sources */,
				81E19B6C1F23B0EC002F70E5 /* Themes.swift in Sources */,
				811549A01EFB77AE00E8DFD9 /* GameViewController.swift in Sources */,
				810BCF531F21ABDB00FDE8F5 /* ModeButton.swift in Sources */,
				81E3402C1F098EB100BAAF72 /* DoorAction.swift in Sources */,
				81F166801F0D5FFC007A65FC /* TreasureZone.swift in Sources */,
				81E19B681F23ACD0002F70E5 /* GameManager.swift in Sources */,
				81E19B761F26558B002F70E5 /* MainMenu.swift in Sources */,
				811549981EFB77AE00E8DFD9 /* AppDelegate.swift in Sources */,
				81EDE75B1F20055F00C8D140 /* SettingsButton.swift in Sources */,
				8169661E1EFD8FC30059EF19 /* NextLetterButton.swift in Sources */,
				81E19B781F269AA7002F70E5 /* MMPlayButton.swift in Sources */,
				81E19B7A1F269AB5002F70E5 /* MMSettingsButton.swift in Sources */,
				81EDE75F1F20413B00C8D140 /* Settings.swift in Sources */,
				810BCF551F21B14E00FDE8F5 /* Modes.swift in Sources */,
				81EBC1B81F019502003DEC56 /* PictureBox.swift in Sources */,
				812D902E1F01B371001B7053 /* Oscar.swift in Sources */,
				8169661C1EFD8F030059EF19 /* ButtonNode.swift in Sources */,
				812D90301F02F589001B7053 /* Gameboard.swift in Sources */,
				81EDE75D1F20147700C8D140 /* BackButton.swift in Sources */,
			);
			runOnlyForDeploymentPostprocessing = 0;
		};
/* End PBXSourcesBuildPhase section */

/* Begin PBXVariantGroup section */
		811549A11EFB77AE00E8DFD9 /* Main.storyboard */ = {
			isa = PBXVariantGroup;
			children = (
				811549A21EFB77AE00E8DFD9 /* Base */,
			);
			name = Main.storyboard;
			sourceTree = "<group>";
		};
		811549A61EFB77AE00E8DFD9 /* LaunchScreen.storyboard */ = {
			isa = PBXVariantGroup;
			children = (
				811549A71EFB77AE00E8DFD9 /* Base */,
			);
			name = LaunchScreen.storyboard;
			sourceTree = "<group>";
		};
/* End PBXVariantGroup section */

/* Begin XCBuildConfiguration section */
		811549AA1EFB77AE00E8DFD9 /* Debug */ = {
			isa = XCBuildConfiguration;
			buildSettings = {
				ALWAYS_SEARCH_USER_PATHS = NO;
				CLANG_ANALYZER_NONNULL = YES;
				CLANG_ANALYZER_NUMBER_OBJECT_CONVERSION = YES_AGGRESSIVE;
				CLANG_CXX_LANGUAGE_STANDARD = "gnu++0x";
				CLANG_CXX_LIBRARY = "libc++";
				CLANG_ENABLE_MODULES = YES;
				CLANG_ENABLE_OBJC_ARC = YES;
				CLANG_WARN_BOOL_CONVERSION = YES;
				CLANG_WARN_CONSTANT_CONVERSION = YES;
				CLANG_WARN_DIRECT_OBJC_ISA_USAGE = YES_ERROR;
				CLANG_WARN_DOCUMENTATION_COMMENTS = YES;
				CLANG_WARN_EMPTY_BODY = YES;
				CLANG_WARN_ENUM_CONVERSION = YES;
				CLANG_WARN_INFINITE_RECURSION = YES;
				CLANG_WARN_INT_CONVERSION = YES;
				CLANG_WARN_OBJC_ROOT_CLASS = YES_ERROR;
				CLANG_WARN_SUSPICIOUS_MOVE = YES;
				CLANG_WARN_UNREACHABLE_CODE = YES;
				CLANG_WARN__DUPLICATE_METHOD_MATCH = YES;
				"CODE_SIGN_IDENTITY[sdk=iphoneos*]" = "iPhone Developer";
				COPY_PHASE_STRIP = NO;
				DEBUG_INFORMATION_FORMAT = dwarf;
				ENABLE_STRICT_OBJC_MSGSEND = YES;
				ENABLE_TESTABILITY = YES;
				GCC_C_LANGUAGE_STANDARD = gnu99;
				GCC_DYNAMIC_NO_PIC = NO;
				GCC_NO_COMMON_BLOCKS = YES;
				GCC_OPTIMIZATION_LEVEL = 0;
				GCC_PREPROCESSOR_DEFINITIONS = (
					"DEBUG=1",
					"$(inherited)",
				);
				GCC_WARN_64_TO_32_BIT_CONVERSION = YES;
				GCC_WARN_ABOUT_RETURN_TYPE = YES_ERROR;
				GCC_WARN_UNDECLARED_SELECTOR = YES;
				GCC_WARN_UNINITIALIZED_AUTOS = YES_AGGRESSIVE;
				GCC_WARN_UNUSED_FUNCTION = YES;
				GCC_WARN_UNUSED_VARIABLE = YES;
				IPHONEOS_DEPLOYMENT_TARGET = 10.3;
				MTL_ENABLE_DEBUG_INFO = YES;
				ONLY_ACTIVE_ARCH = YES;
				SDKROOT = iphoneos;
				SWIFT_ACTIVE_COMPILATION_CONDITIONS = DEBUG;
				SWIFT_OPTIMIZATION_LEVEL = "-Onone";
			};
			name = Debug;
		};
		811549AB1EFB77AE00E8DFD9 /* Release */ = {
			isa = XCBuildConfiguration;
			buildSettings = {
				ALWAYS_SEARCH_USER_PATHS = NO;
				CLANG_ANALYZER_NONNULL = YES;
				CLANG_ANALYZER_NUMBER_OBJECT_CONVERSION = YES_AGGRESSIVE;
				CLANG_CXX_LANGUAGE_STANDARD = "gnu++0x";
				CLANG_CXX_LIBRARY = "libc++";
				CLANG_ENABLE_MODULES = YES;
				CLANG_ENABLE_OBJC_ARC = YES;
				CLANG_WARN_BOOL_CONVERSION = YES;
				CLANG_WARN_CONSTANT_CONVERSION = YES;
				CLANG_WARN_DIRECT_OBJC_ISA_USAGE = YES_ERROR;
				CLANG_WARN_DOCUMENTATION_COMMENTS = YES;
				CLANG_WARN_EMPTY_BODY = YES;
				CLANG_WARN_ENUM_CONVERSION = YES;
				CLANG_WARN_INFINITE_RECURSION = YES;
				CLANG_WARN_INT_CONVERSION = YES;
				CLANG_WARN_OBJC_ROOT_CLASS = YES_ERROR;
				CLANG_WARN_SUSPICIOUS_MOVE = YES;
				CLANG_WARN_UNREACHABLE_CODE = YES;
				CLANG_WARN__DUPLICATE_METHOD_MATCH = YES;
				"CODE_SIGN_IDENTITY[sdk=iphoneos*]" = "iPhone Developer";
				COPY_PHASE_STRIP = NO;
				DEBUG_INFORMATION_FORMAT = "dwarf-with-dsym";
				ENABLE_NS_ASSERTIONS = NO;
				ENABLE_STRICT_OBJC_MSGSEND = YES;
				GCC_C_LANGUAGE_STANDARD = gnu99;
				GCC_NO_COMMON_BLOCKS = YES;
				GCC_WARN_64_TO_32_BIT_CONVERSION = YES;
				GCC_WARN_ABOUT_RETURN_TYPE = YES_ERROR;
				GCC_WARN_UNDECLARED_SELECTOR = YES;
				GCC_WARN_UNINITIALIZED_AUTOS = YES_AGGRESSIVE;
				GCC_WARN_UNUSED_FUNCTION = YES;
				GCC_WARN_UNUSED_VARIABLE = YES;
				IPHONEOS_DEPLOYMENT_TARGET = 10.3;
				MTL_ENABLE_DEBUG_INFO = NO;
				SDKROOT = iphoneos;
				SWIFT_OPTIMIZATION_LEVEL = "-Owholemodule";
				VALIDATE_PRODUCT = YES;
			};
			name = Release;
		};
		811549AD1EFB77AE00E8DFD9 /* Debug */ = {
			isa = XCBuildConfiguration;
			buildSettings = {
				ASSETCATALOG_COMPILER_APPICON_NAME = AppIcon;
				DEVELOPMENT_TEAM = 2YD6LF9T3B;
				INFOPLIST_FILE = CaribooInitialTest/Info.plist;
				IPHONEOS_DEPLOYMENT_TARGET = 10.2;
				LD_RUNPATH_SEARCH_PATHS = "$(inherited) @executable_path/Frameworks";
				PRODUCT_BUNDLE_IDENTIFIER = com.codehearted.aaron.CaribooInitialTest;
				PRODUCT_NAME = "$(TARGET_NAME)";
				SWIFT_VERSION = 3.0;
			};
			name = Debug;
		};
		811549AE1EFB77AE00E8DFD9 /* Release */ = {
			isa = XCBuildConfiguration;
			buildSettings = {
				ASSETCATALOG_COMPILER_APPICON_NAME = AppIcon;
				DEVELOPMENT_TEAM = 2YD6LF9T3B;
				INFOPLIST_FILE = CaribooInitialTest/Info.plist;
				IPHONEOS_DEPLOYMENT_TARGET = 10.2;
				LD_RUNPATH_SEARCH_PATHS = "$(inherited) @executable_path/Frameworks";
				PRODUCT_BUNDLE_IDENTIFIER = com.codehearted.aaron.CaribooInitialTest;
				PRODUCT_NAME = "$(TARGET_NAME)";
				SWIFT_VERSION = 3.0;
			};
			name = Release;
		};
/* End XCBuildConfiguration section */

/* Begin XCConfigurationList section */
		8115498F1EFB77AE00E8DFD9 /* Build configuration list for PBXProject "CaribooInitialTest" */ = {
			isa = XCConfigurationList;
			buildConfigurations = (
				811549AA1EFB77AE00E8DFD9 /* Debug */,
				811549AB1EFB77AE00E8DFD9 /* Release */,
			);
			defaultConfigurationIsVisible = 0;
			defaultConfigurationName = Release;
		};
		811549AC1EFB77AE00E8DFD9 /* Build configuration list for PBXNativeTarget "CaribooInitialTest" */ = {
			isa = XCConfigurationList;
			buildConfigurations = (
				811549AD1EFB77AE00E8DFD9 /* Debug */,
				811549AE1EFB77AE00E8DFD9 /* Release */,
			);
			defaultConfigurationIsVisible = 0;
			defaultConfigurationName = Release;
		};
/* End XCConfigurationList section */
	};
	rootObject = 8115498C1EFB77AE00E8DFD9 /* Project object */;
}
